
Microsoft Visual Studio Solution File, Format Version 12.00
# Visual Studio 14
VisualStudioVersion = 14.0.24720.0
MinimumVisualStudioVersion = 10.0.40219.1
Project("{FAE04EC0-301F-11D3-BF4B-00C04F79EFBC}") = "Rook.Test", "Rook.Test\Rook.Test.csproj", "{1F93496B-9601-4EA7-86A7-B1615E5847A9}"
EndProject
Project("{FAE04EC0-301F-11D3-BF4B-00C04F79EFBC}") = "Rook.Compiling", "Rook.Compiling\Rook.Compiling.csproj", "{DD4E13B5-E96D-4DBF-9821-9908839ECDD4}"
EndProject
Project("{FAE04EC0-301F-11D3-BF4B-00C04F79EFBC}") = "Rook", "Rook\Rook.csproj", "{D9281C30-6B30-4148-9051-9E74A8C7DF20}"
EndProject
Project("{FAE04EC0-301F-11D3-BF4B-00C04F79EFBC}") = "Rook.Core", "Rook.Core\Rook.Core.csproj", "{646BF299-17FE-4B59-BC83-5D28AF7D5A48}"
EndProject
Project("{FAE04EC0-301F-11D3-BF4B-00C04F79EFBC}") = "Rook.IntegrationTest", "Rook.IntegrationTest\Rook.IntegrationTest.csproj", "{A593DA5E-1ADE-4CDC-85B5-C1F8B39C082B}"
EndProject
Project("{FAE04EC0-301F-11D3-BF4B-00C04F79EFBC}") = "Build", "Build\Build.csproj", "{7B48576E-D5FD-4EC0-B14F-1C7D1B8A4531}"
EndProject
Global
	GlobalSection(SolutionConfigurationPlatforms) = preSolution
		Debug|Any CPU = Debug|Any CPU
		Release|Any CPU = Release|Any CPU
	EndGlobalSection
	GlobalSection(ProjectConfigurationPlatforms) = postSolution
		{1F93496B-9601-4EA7-86A7-B1615E5847A9}.Debug|Any CPU.ActiveCfg = Debug|Any CPU
		{1F93496B-9601-4EA7-86A7-B1615E5847A9}.Debug|Any CPU.Build.0 = Debug|Any CPU
		{1F93496B-9601-4EA7-86A7-B1615E5847A9}.Release|Any CPU.ActiveCfg = Release|Any CPU
		{1F93496B-9601-4EA7-86A7-B1615E5847A9}.Release|Any CPU.Build.0 = Release|Any CPU
		{DD4E13B5-E96D-4DBF-9821-9908839ECDD4}.Debug|Any CPU.ActiveCfg = Debug|Any CPU
		{DD4E13B5-E96D-4DBF-9821-9908839ECDD4}.Debug|Any CPU.Build.0 = Debug|Any CPU
		{DD4E13B5-E96D-4DBF-9821-9908839ECDD4}.Release|Any CPU.ActiveCfg = Release|Any CPU
		{DD4E13B5-E96D-4DBF-9821-9908839ECDD4}.Release|Any CPU.Build.0 = Release|Any CPU
		{D9281C30-6B30-4148-9051-9E74A8C7DF20}.Debug|Any CPU.ActiveCfg = Debug|Any CPU
		{D9281C30-6B30-4148-9051-9E74A8C7DF20}.Debug|Any CPU.Build.0 = Debug|Any CPU
		{D9281C30-6B30-4148-9051-9E74A8C7DF20}.Release|Any CPU.ActiveCfg = Release|Any CPU
		{D9281C30-6B30-4148-9051-9E74A8C7DF20}.Release|Any CPU.Build.0 = Release|Any CPU
		{646BF299-17FE-4B59-BC83-5D28AF7D5A48}.Debug|Any CPU.ActiveCfg = Debug|Any CPU
		{646BF299-17FE-4B59-BC83-5D28AF7D5A48}.Debug|Any CPU.Build.0 = Debug|Any CPU
		{646BF299-17FE-4B59-BC83-5D28AF7D5A48}.Release|Any CPU.ActiveCfg = Release|Any CPU
		{646BF299-17FE-4B59-BC83-5D28AF7D5A48}.Release|Any CPU.Build.0 = Release|Any CPU
		{A593DA5E-1ADE-4CDC-85B5-C1F8B39C082B}.Debug|Any CPU.ActiveCfg = Debug|Any CPU
		{A593DA5E-1ADE-4CDC-85B5-C1F8B39C082B}.Debug|Any CPU.Build.0 = Debug|Any CPU
		{A593DA5E-1ADE-4CDC-85B5-C1F8B39C082B}.Release|Any CPU.ActiveCfg = Release|Any CPU
		{A593DA5E-1ADE-4CDC-85B5-C1F8B39C082B}.Release|Any CPU.Build.0 = Release|Any CPU
		{7B48576E-D5FD-4EC0-B14F-1C7D1B8A4531}.Debug|Any CPU.ActiveCfg = Debug|Any CPU
		{7B48576E-D5FD-4EC0-B14F-1C7D1B8A4531}.Debug|Any CPU.Build.0 = Debug|Any CPU
		{7B48576E-D5FD-4EC0-B14F-1C7D1B8A4531}.Release|Any CPU.ActiveCfg = Release|Any CPU
		{7B48576E-D5FD-4EC0-B14F-1C7D1B8A4531}.Release|Any CPU.Build.0 = Release|Any CPU
	EndGlobalSection
	GlobalSection(SolutionProperties) = preSolution
		HideSolutionNode = FALSE
	EndGlobalSection
	GlobalSection(SubversionScc) = preSolution
		Svn-Managed = True
		Manager = AnkhSVN - Subversion Support for Visual Studio
	EndGlobalSection
EndGlobal
